// !$*UTF8*$!
{
	archiveVersion = 1;
	classes = {
	};
	objectVersion = 56;
	objects = {

/* Begin PBXBuildFile section */
		5E1D7B6D2ACDC8AD00ABCBA9 /* FixtureLeague.swift in Sources */ = {isa = PBXBuildFile; fileRef = 5E1D7B6C2ACDC8AD00ABCBA9 /* FixtureLeague.swift */; };
		5E1EFC9A2AD011A700083011 /* ViewModelType.swift in Sources */ = {isa = PBXBuildFile; fileRef = 5E1EFC992AD011A700083011 /* ViewModelType.swift */; };
		5E2961AC2ACD3C350094F708 /* NewsViewModel.swift in Sources */ = {isa = PBXBuildFile; fileRef = 5E2961AB2ACD3C350094F708 /* NewsViewModel.swift */; };
		5E2961B02ACD3C3C0094F708 /* NewsCollectionViewCell.swift in Sources */ = {isa = PBXBuildFile; fileRef = 5E2961AE2ACD3C3C0094F708 /* NewsCollectionViewCell.swift */; };
		5E2961B12ACD3C3C0094F708 /* NewsCollectionViewCell.xib in Resources */ = {isa = PBXBuildFile; fileRef = 5E2961AF2ACD3C3C0094F708 /* NewsCollectionViewCell.xib */; };
		5E2961B32ACD3C5C0094F708 /* NewsRepository.swift in Sources */ = {isa = PBXBuildFile; fileRef = 5E2961B22ACD3C5C0094F708 /* NewsRepository.swift */; };
		5E2961B82ACD3C700094F708 /* Assets+Generated.swift in Sources */ = {isa = PBXBuildFile; fileRef = 5E2961B52ACD3C700094F708 /* Assets+Generated.swift */; };
		5E2961B92ACD3C700094F708 /* Strings+Generated.swift in Sources */ = {isa = PBXBuildFile; fileRef = 5E2961B62ACD3C700094F708 /* Strings+Generated.swift */; };
		5E2961BA2ACD3C700094F708 /* Localizable.strings in Resources */ = {isa = PBXBuildFile; fileRef = 5E2961B72ACD3C700094F708 /* Localizable.strings */; };
		5E2961BC2ACD3C7B0094F708 /* Keys.plist in Resources */ = {isa = PBXBuildFile; fileRef = 5E2961BB2ACD3C7A0094F708 /* Keys.plist */; };
		5E2961BE2ACD3C820094F708 /* swiftgen.yml in Resources */ = {isa = PBXBuildFile; fileRef = 5E2961BD2ACD3C820094F708 /* swiftgen.yml */; };
		5E2961C12ACD3CD50094F708 /* TabBarInfo.swift in Sources */ = {isa = PBXBuildFile; fileRef = 5E2961C02ACD3CD50094F708 /* TabBarInfo.swift */; };
		5E2961C52ACD3CE30094F708 /* ScheduleViewController.swift in Sources */ = {isa = PBXBuildFile; fileRef = 5E2961C32ACD3CE30094F708 /* ScheduleViewController.swift */; };
		5E2961C62ACD3CE30094F708 /* ScheduleViewController.xib in Resources */ = {isa = PBXBuildFile; fileRef = 5E2961C42ACD3CE30094F708 /* ScheduleViewController.xib */; };
		5E2961C82ACD41FC0094F708 /* ViewController+Extension.swift in Sources */ = {isa = PBXBuildFile; fileRef = 5E2961C72ACD41FC0094F708 /* ViewController+Extension.swift */; };
		5E2961CC2ACD4E280094F708 /* StandingTableViewCell.swift in Sources */ = {isa = PBXBuildFile; fileRef = 5E2961CA2ACD4E280094F708 /* StandingTableViewCell.swift */; };
		5E2961CD2ACD4E280094F708 /* StandingTableViewCell.xib in Resources */ = {isa = PBXBuildFile; fileRef = 5E2961CB2ACD4E280094F708 /* StandingTableViewCell.xib */; };
		5E2961CF2ACD65680094F708 /* StandingRepository.swift in Sources */ = {isa = PBXBuildFile; fileRef = 5E2961CE2ACD65680094F708 /* StandingRepository.swift */; };
		5E2961D12ACD66110094F708 /* MatchStats.swift in Sources */ = {isa = PBXBuildFile; fileRef = 5E2961D02ACD66110094F708 /* MatchStats.swift */; };
		5E2961D32ACD69B80094F708 /* StandingViewModel.swift in Sources */ = {isa = PBXBuildFile; fileRef = 5E2961D22ACD69B80094F708 /* StandingViewModel.swift */; };
		5E2961D52ACD70440094F708 /* ScheduleRepository.swift in Sources */ = {isa = PBXBuildFile; fileRef = 5E2961D42ACD70440094F708 /* ScheduleRepository.swift */; };
		5E2961D72ACD71E90094F708 /* Dictionary+Extension.swift in Sources */ = {isa = PBXBuildFile; fileRef = 5E2961D62ACD71E90094F708 /* Dictionary+Extension.swift */; };
		5E2961DB2ACD77870094F708 /* ScheduleTableViewCell.swift in Sources */ = {isa = PBXBuildFile; fileRef = 5E2961D92ACD77870094F708 /* ScheduleTableViewCell.swift */; };
		5E2961DC2ACD77870094F708 /* ScheduleTableViewCell.xib in Resources */ = {isa = PBXBuildFile; fileRef = 5E2961DA2ACD77870094F708 /* ScheduleTableViewCell.xib */; };
		5E2961DE2ACD79A40094F708 /* ScheduleViewModel.swift in Sources */ = {isa = PBXBuildFile; fileRef = 5E2961DD2ACD79A40094F708 /* ScheduleViewModel.swift */; };
		5E2961E02ACD7E360094F708 /* Venue.swift in Sources */ = {isa = PBXBuildFile; fileRef = 5E2961DF2ACD7E360094F708 /* Venue.swift */; };
		5E385CCC2ACFF2D7002E3742 /* BindableType.swift in Sources */ = {isa = PBXBuildFile; fileRef = 5E385CCB2ACFF2D7002E3742 /* BindableType.swift */; };
		5E39A5732AD579B300559DA2 /* DetailViewController.swift in Sources */ = {isa = PBXBuildFile; fileRef = 5E39A5712AD579B300559DA2 /* DetailViewController.swift */; };
		5E39A5742AD579B300559DA2 /* DetailViewController.xib in Resources */ = {isa = PBXBuildFile; fileRef = 5E39A5722AD579B300559DA2 /* DetailViewController.xib */; };
		5E39A5762AD5840900559DA2 /* GameStat.swift in Sources */ = {isa = PBXBuildFile; fileRef = 5E39A5752AD5840900559DA2 /* GameStat.swift */; };
		5E39A5782AD5850F00559DA2 /* Birth.swift in Sources */ = {isa = PBXBuildFile; fileRef = 5E39A5772AD5850F00559DA2 /* Birth.swift */; };
		5E39A57A2AD5870D00559DA2 /* DetailNavigator.swift in Sources */ = {isa = PBXBuildFile; fileRef = 5E39A5792AD5870D00559DA2 /* DetailNavigator.swift */; };
		5E39A57C2AD5871A00559DA2 /* DetailViewModel.swift in Sources */ = {isa = PBXBuildFile; fileRef = 5E39A57B2AD5871A00559DA2 /* DetailViewModel.swift */; };
		5E39A57E2AD5872500559DA2 /* DetailUseCase.swift in Sources */ = {isa = PBXBuildFile; fileRef = 5E39A57D2AD5872500559DA2 /* DetailUseCase.swift */; };
		5E4B70442AD646FE006EE2A5 /* DetailCollectionViewCell.swift in Sources */ = {isa = PBXBuildFile; fileRef = 5E4B70422AD646FE006EE2A5 /* DetailCollectionViewCell.swift */; };
		5E4B70452AD646FE006EE2A5 /* DetailCollectionViewCell.xib in Resources */ = {isa = PBXBuildFile; fileRef = 5E4B70432AD646FE006EE2A5 /* DetailCollectionViewCell.xib */; };
		5E4B70472AD64937006EE2A5 /* PassStat.swift in Sources */ = {isa = PBXBuildFile; fileRef = 5E4B70462AD64937006EE2A5 /* PassStat.swift */; };
		5E4B70492AD64981006EE2A5 /* ShotStat.swift in Sources */ = {isa = PBXBuildFile; fileRef = 5E4B70482AD64981006EE2A5 /* ShotStat.swift */; };
		5E4B704B2AD6D27A006EE2A5 /* RecordsType.swift in Sources */ = {isa = PBXBuildFile; fileRef = 5E4B704A2AD6D27A006EE2A5 /* RecordsType.swift */; };
		5E4B704D2AD6D29C006EE2A5 /* StatsType.swift in Sources */ = {isa = PBXBuildFile; fileRef = 5E4B704C2AD6D29C006EE2A5 /* StatsType.swift */; };
		5E4B70502AD6D4CF006EE2A5 /* CategoryType.swift in Sources */ = {isa = PBXBuildFile; fileRef = 5E4B704F2AD6D4CF006EE2A5 /* CategoryType.swift */; };
		5E4B70522AD6E634006EE2A5 /* Array+Extension.swift in Sources */ = {isa = PBXBuildFile; fileRef = 5E4B70512AD6E634006EE2A5 /* Array+Extension.swift */; };
		5E548EC92ACEFF1100340EEB /* StandingUseCase.swift in Sources */ = {isa = PBXBuildFile; fileRef = 5E548EC82ACEFF1100340EEB /* StandingUseCase.swift */; };
		5E548ECB2ACF025D00340EEB /* ScheduleUseCase.swift in Sources */ = {isa = PBXBuildFile; fileRef = 5E548ECA2ACF025D00340EEB /* ScheduleUseCase.swift */; };
		5E5DA76B2AC9ACE5000219A6 /* NewsViewController.swift in Sources */ = {isa = PBXBuildFile; fileRef = 5E5DA7692AC9ACE5000219A6 /* NewsViewController.swift */; };
		5E5DA76C2AC9ACE5000219A6 /* NewsViewController.xib in Resources */ = {isa = PBXBuildFile; fileRef = 5E5DA76A2AC9ACE5000219A6 /* NewsViewController.xib */; };
		5E5DA7702AC9AD03000219A6 /* StandingViewController.swift in Sources */ = {isa = PBXBuildFile; fileRef = 5E5DA76E2AC9AD03000219A6 /* StandingViewController.swift */; };
		5E5DA7712AC9AD03000219A6 /* StandingViewController.xib in Resources */ = {isa = PBXBuildFile; fileRef = 5E5DA76F2AC9AD03000219A6 /* StandingViewController.xib */; };
		5E5DA7752AC9AD32000219A6 /* StatsViewController.swift in Sources */ = {isa = PBXBuildFile; fileRef = 5E5DA7732AC9AD32000219A6 /* StatsViewController.swift */; };
		5E5DA7762AC9AD32000219A6 /* StatsViewController.xib in Resources */ = {isa = PBXBuildFile; fileRef = 5E5DA7742AC9AD32000219A6 /* StatsViewController.xib */; };
		5E5DA7802AC9C538000219A6 /* FavouriteViewController.swift in Sources */ = {isa = PBXBuildFile; fileRef = 5E5DA77E2AC9C538000219A6 /* FavouriteViewController.swift */; };
		5E5DA7812AC9C538000219A6 /* FavouriteViewController.xib in Resources */ = {isa = PBXBuildFile; fileRef = 5E5DA77F2AC9C538000219A6 /* FavouriteViewController.xib */; };
		5E5DA7862AC9C9C2000219A6 /* TabBarController.swift in Sources */ = {isa = PBXBuildFile; fileRef = 5E5DA7842AC9C9C2000219A6 /* TabBarController.swift */; };
		5E5DA7872AC9C9C2000219A6 /* TabBarController.xib in Resources */ = {isa = PBXBuildFile; fileRef = 5E5DA7852AC9C9C2000219A6 /* TabBarController.xib */; };
		5E5DA78D2AC9D36F000219A6 /* News.swift in Sources */ = {isa = PBXBuildFile; fileRef = 5E5DA78C2AC9D36F000219A6 /* News.swift */; };
		5E5DA7922AC9D4EE000219A6 /* APIService.swift in Sources */ = {isa = PBXBuildFile; fileRef = 5E5DA7912AC9D4EE000219A6 /* APIService.swift */; };
		5E5DA7942AC9D564000219A6 /* URLs.swift in Sources */ = {isa = PBXBuildFile; fileRef = 5E5DA7932AC9D564000219A6 /* URLs.swift */; };
		5E5DB8E02ACA5A5D00D4C5B6 /* Player.swift in Sources */ = {isa = PBXBuildFile; fileRef = 5E5DB8DF2ACA5A5D00D4C5B6 /* Player.swift */; };
		5E5DB8E42ACA61D700D4C5B6 /* StandingsResponse.swift in Sources */ = {isa = PBXBuildFile; fileRef = 5E5DB8E32ACA61D700D4C5B6 /* StandingsResponse.swift */; };
		5E5DB8E62ACA625400D4C5B6 /* StatsResponse.swift in Sources */ = {isa = PBXBuildFile; fileRef = 5E5DB8E52ACA625400D4C5B6 /* StatsResponse.swift */; };
		5E5DB8E92ACA6B3B00D4C5B6 /* SchedulesResponse.swift in Sources */ = {isa = PBXBuildFile; fileRef = 5E5DB8E82ACA6B3B00D4C5B6 /* SchedulesResponse.swift */; };
		5E5DB8EB2ACA6C1F00D4C5B6 /* Team.swift in Sources */ = {isa = PBXBuildFile; fileRef = 5E5DB8EA2ACA6C1F00D4C5B6 /* Team.swift */; };
		5E5DB8ED2ACA792E00D4C5B6 /* League.swift in Sources */ = {isa = PBXBuildFile; fileRef = 5E5DB8EC2ACA792E00D4C5B6 /* League.swift */; };
		5E5DB8EF2ACA793E00D4C5B6 /* Standing.swift in Sources */ = {isa = PBXBuildFile; fileRef = 5E5DB8EE2ACA793E00D4C5B6 /* Standing.swift */; };
		5E5DB8F12ACA796200D4C5B6 /* Statistic.swift in Sources */ = {isa = PBXBuildFile; fileRef = 5E5DB8F02ACA796200D4C5B6 /* Statistic.swift */; };
		5E5DB8F32ACA797400D4C5B6 /* GoalStat.swift in Sources */ = {isa = PBXBuildFile; fileRef = 5E5DB8F22ACA797400D4C5B6 /* GoalStat.swift */; };
		5E5DB8F52ACA799400D4C5B6 /* Fixture.swift in Sources */ = {isa = PBXBuildFile; fileRef = 5E5DB8F42ACA799400D4C5B6 /* Fixture.swift */; };
		5E5DB8F72ACA79A600D4C5B6 /* Teams.swift in Sources */ = {isa = PBXBuildFile; fileRef = 5E5DB8F62ACA79A600D4C5B6 /* Teams.swift */; };
		5E5DB8F92ACA79B800D4C5B6 /* Goals.swift in Sources */ = {isa = PBXBuildFile; fileRef = 5E5DB8F82ACA79B800D4C5B6 /* Goals.swift */; };
		5E65F8642ACE5AA600AF00EF /* Date+Extension.swift in Sources */ = {isa = PBXBuildFile; fileRef = 5E65F8632ACE5AA500AF00EF /* Date+Extension.swift */; };
		5E65F8682ACEB8E800AF00EF /* NewsUseCase.swift in Sources */ = {isa = PBXBuildFile; fileRef = 5E65F8672ACEB8E800AF00EF /* NewsUseCase.swift */; };
		5E77CE722AC7CC5300BAA3B1 /* AppDelegate.swift in Sources */ = {isa = PBXBuildFile; fileRef = 5E77CE712AC7CC5300BAA3B1 /* AppDelegate.swift */; };
		5E77CE792AC7CC5300BAA3B1 /* Main.storyboard in Resources */ = {isa = PBXBuildFile; fileRef = 5E77CE772AC7CC5300BAA3B1 /* Main.storyboard */; };
		5E77CE7C2AC7CC5300BAA3B1 /* FootballStats.xcdatamodeld in Sources */ = {isa = PBXBuildFile; fileRef = 5E77CE7A2AC7CC5300BAA3B1 /* FootballStats.xcdatamodeld */; };
		5E77CE7E2AC7CC5500BAA3B1 /* Assets.xcassets in Resources */ = {isa = PBXBuildFile; fileRef = 5E77CE7D2AC7CC5500BAA3B1 /* Assets.xcassets */; };
		5E77CE812AC7CC5500BAA3B1 /* LaunchScreen.storyboard in Resources */ = {isa = PBXBuildFile; fileRef = 5E77CE7F2AC7CC5500BAA3B1 /* LaunchScreen.storyboard */; };
		5EA4E5952AD39CC700E8A40E /* Schedule.swift in Sources */ = {isa = PBXBuildFile; fileRef = 5EA4E5942AD39CC700E8A40E /* Schedule.swift */; };
		5EA4E59A2AD39EB200E8A40E /* BaseRequest.swift in Sources */ = {isa = PBXBuildFile; fileRef = 5EA4E5992AD39EB200E8A40E /* BaseRequest.swift */; };
		5EA4E59C2AD39EE600E8A40E /* NewsRequest.swift in Sources */ = {isa = PBXBuildFile; fileRef = 5EA4E59B2AD39EE600E8A40E /* NewsRequest.swift */; };
		5EA4E59E2AD3A07D00E8A40E /* StandingRequest.swift in Sources */ = {isa = PBXBuildFile; fileRef = 5EA4E59D2AD3A07D00E8A40E /* StandingRequest.swift */; };
		5EA4E5A02AD3A0EA00E8A40E /* ScheduleRequest.swift in Sources */ = {isa = PBXBuildFile; fileRef = 5EA4E59F2AD3A0EA00E8A40E /* ScheduleRequest.swift */; };
		5EA4E5A32AD3AEB900E8A40E /* Stats.swift in Sources */ = {isa = PBXBuildFile; fileRef = 5EA4E5A22AD3AEB900E8A40E /* Stats.swift */; };
		5EA4E5A92AD42F8D00E8A40E /* StatsCollectionViewCell.swift in Sources */ = {isa = PBXBuildFile; fileRef = 5EA4E5A72AD42F8D00E8A40E /* StatsCollectionViewCell.swift */; };
		5EA4E5AA2AD42F8D00E8A40E /* StatsCollectionViewCell.xib in Resources */ = {isa = PBXBuildFile; fileRef = 5EA4E5A82AD42F8D00E8A40E /* StatsCollectionViewCell.xib */; };
		5EA4E5AC2AD4350C00E8A40E /* StatsRequest.swift in Sources */ = {isa = PBXBuildFile; fileRef = 5EA4E5AB2AD4350C00E8A40E /* StatsRequest.swift */; };
		5EA4E5AE2AD435BA00E8A40E /* StatsRepository.swift in Sources */ = {isa = PBXBuildFile; fileRef = 5EA4E5AD2AD435BA00E8A40E /* StatsRepository.swift */; };
		5EA4E5B02AD4368700E8A40E /* StatsUseCase.swift in Sources */ = {isa = PBXBuildFile; fileRef = 5EA4E5AF2AD4368700E8A40E /* StatsUseCase.swift */; };
		5EA4E5B22AD4369500E8A40E /* StatsNavigator.swift in Sources */ = {isa = PBXBuildFile; fileRef = 5EA4E5B12AD4369500E8A40E /* StatsNavigator.swift */; };
		5EA4E5B42AD4369E00E8A40E /* StatsViewModel.swift in Sources */ = {isa = PBXBuildFile; fileRef = 5EA4E5B32AD4369E00E8A40E /* StatsViewModel.swift */; };
		5EA4E5B62AD4411C00E8A40E /* CardStat.swift in Sources */ = {isa = PBXBuildFile; fileRef = 5EA4E5B52AD4411C00E8A40E /* CardStat.swift */; };
		5EA4E5B92AD442B800E8A40E /* StatsTableViewCell.swift in Sources */ = {isa = PBXBuildFile; fileRef = 5EA4E5B72AD442B800E8A40E /* StatsTableViewCell.swift */; };
		5EA4E5BA2AD442B800E8A40E /* StatsTableViewCell.xib in Resources */ = {isa = PBXBuildFile; fileRef = 5EA4E5B82AD442B800E8A40E /* StatsTableViewCell.xib */; };
		5EA4F28A2ACA52DF00617631 /* Constants.swift in Sources */ = {isa = PBXBuildFile; fileRef = 5EA4F2892ACA52DF00617631 /* Constants.swift */; };
		5EC898C02ACFB3F200BFC60F /* NewsNavigator.swift in Sources */ = {isa = PBXBuildFile; fileRef = 5EC898BF2ACFB3F200BFC60F /* NewsNavigator.swift */; };
		5EC898C22ACFB42A00BFC60F /* ScheduleNavigator.swift in Sources */ = {isa = PBXBuildFile; fileRef = 5EC898C12ACFB42A00BFC60F /* ScheduleNavigator.swift */; };
		5EC898C42ACFB44700BFC60F /* StandingNavigator.swift in Sources */ = {isa = PBXBuildFile; fileRef = 5EC898C32ACFB44700BFC60F /* StandingNavigator.swift */; };
		5ED6DAF72AD2D578003E50F7 /* AppNavigator.swift in Sources */ = {isa = PBXBuildFile; fileRef = 5ED6DAF62AD2D578003E50F7 /* AppNavigator.swift */; };
		5ED6DAF92AD2D5F6003E50F7 /* AppUseCase.swift in Sources */ = {isa = PBXBuildFile; fileRef = 5ED6DAF82AD2D5F6003E50F7 /* AppUseCase.swift */; };
		5ED6DAFB2AD2D60A003E50F7 /* AppViewModel.swift in Sources */ = {isa = PBXBuildFile; fileRef = 5ED6DAFA2AD2D60A003E50F7 /* AppViewModel.swift */; };
		7C06F5CA3256ED40604DE635 /* Pods_FootballStats.framework in Frameworks */ = {isa = PBXBuildFile; fileRef = C2616681C69F19559FAD5A53 /* Pods_FootballStats.framework */; };
/* End PBXBuildFile section */

/* Begin PBXFileReference section */
		427EF7478335B5322DDE884A /* Pods-FootballStats.release.xcconfig */ = {isa = PBXFileReference; includeInIndex = 1; lastKnownFileType = text.xcconfig; name = "Pods-FootballStats.release.xcconfig"; path = "Target Support Files/Pods-FootballStats/Pods-FootballStats.release.xcconfig"; sourceTree = "<group>"; };
		5E1D7B6C2ACDC8AD00ABCBA9 /* FixtureLeague.swift */ = {isa = PBXFileReference; lastKnownFileType = sourcecode.swift; path = FixtureLeague.swift; sourceTree = "<group>"; };
		5E1EFC992AD011A700083011 /* ViewModelType.swift */ = {isa = PBXFileReference; lastKnownFileType = sourcecode.swift; path = ViewModelType.swift; sourceTree = "<group>"; };
		5E2961AB2ACD3C350094F708 /* NewsViewModel.swift */ = {isa = PBXFileReference; fileEncoding = 4; lastKnownFileType = sourcecode.swift; path = NewsViewModel.swift; sourceTree = "<group>"; };
		5E2961AE2ACD3C3C0094F708 /* NewsCollectionViewCell.swift */ = {isa = PBXFileReference; fileEncoding = 4; lastKnownFileType = sourcecode.swift; path = NewsCollectionViewCell.swift; sourceTree = "<group>"; };
		5E2961AF2ACD3C3C0094F708 /* NewsCollectionViewCell.xib */ = {isa = PBXFileReference; fileEncoding = 4; lastKnownFileType = file.xib; path = NewsCollectionViewCell.xib; sourceTree = "<group>"; };
		5E2961B22ACD3C5C0094F708 /* NewsRepository.swift */ = {isa = PBXFileReference; fileEncoding = 4; lastKnownFileType = sourcecode.swift; path = NewsRepository.swift; sourceTree = "<group>"; };
		5E2961B52ACD3C700094F708 /* Assets+Generated.swift */ = {isa = PBXFileReference; fileEncoding = 4; lastKnownFileType = sourcecode.swift; path = "Assets+Generated.swift"; sourceTree = "<group>"; };
		5E2961B62ACD3C700094F708 /* Strings+Generated.swift */ = {isa = PBXFileReference; fileEncoding = 4; lastKnownFileType = sourcecode.swift; path = "Strings+Generated.swift"; sourceTree = "<group>"; };
		5E2961B72ACD3C700094F708 /* Localizable.strings */ = {isa = PBXFileReference; fileEncoding = 4; lastKnownFileType = text.plist.strings; path = Localizable.strings; sourceTree = "<group>"; };
		5E2961BB2ACD3C7A0094F708 /* Keys.plist */ = {isa = PBXFileReference; fileEncoding = 4; lastKnownFileType = text.plist.xml; path = Keys.plist; sourceTree = "<group>"; };
		5E2961BD2ACD3C820094F708 /* swiftgen.yml */ = {isa = PBXFileReference; fileEncoding = 4; lastKnownFileType = text.yaml; path = swiftgen.yml; sourceTree = "<group>"; };
		5E2961C02ACD3CD50094F708 /* TabBarInfo.swift */ = {isa = PBXFileReference; fileEncoding = 4; lastKnownFileType = sourcecode.swift; path = TabBarInfo.swift; sourceTree = "<group>"; };
		5E2961C32ACD3CE30094F708 /* ScheduleViewController.swift */ = {isa = PBXFileReference; fileEncoding = 4; lastKnownFileType = sourcecode.swift; path = ScheduleViewController.swift; sourceTree = "<group>"; };
		5E2961C42ACD3CE30094F708 /* ScheduleViewController.xib */ = {isa = PBXFileReference; fileEncoding = 4; lastKnownFileType = file.xib; path = ScheduleViewController.xib; sourceTree = "<group>"; };
		5E2961C72ACD41FC0094F708 /* ViewController+Extension.swift */ = {isa = PBXFileReference; fileEncoding = 4; lastKnownFileType = sourcecode.swift; path = "ViewController+Extension.swift"; sourceTree = "<group>"; };
		5E2961CA2ACD4E280094F708 /* StandingTableViewCell.swift */ = {isa = PBXFileReference; lastKnownFileType = sourcecode.swift; path = StandingTableViewCell.swift; sourceTree = "<group>"; };
		5E2961CB2ACD4E280094F708 /* StandingTableViewCell.xib */ = {isa = PBXFileReference; lastKnownFileType = file.xib; path = StandingTableViewCell.xib; sourceTree = "<group>"; };
		5E2961CE2ACD65680094F708 /* StandingRepository.swift */ = {isa = PBXFileReference; lastKnownFileType = sourcecode.swift; path = StandingRepository.swift; sourceTree = "<group>"; };
		5E2961D02ACD66110094F708 /* MatchStats.swift */ = {isa = PBXFileReference; lastKnownFileType = sourcecode.swift; path = MatchStats.swift; sourceTree = "<group>"; };
		5E2961D22ACD69B80094F708 /* StandingViewModel.swift */ = {isa = PBXFileReference; lastKnownFileType = sourcecode.swift; path = StandingViewModel.swift; sourceTree = "<group>"; };
		5E2961D42ACD70440094F708 /* ScheduleRepository.swift */ = {isa = PBXFileReference; lastKnownFileType = sourcecode.swift; path = ScheduleRepository.swift; sourceTree = "<group>"; };
		5E2961D62ACD71E90094F708 /* Dictionary+Extension.swift */ = {isa = PBXFileReference; lastKnownFileType = sourcecode.swift; path = "Dictionary+Extension.swift"; sourceTree = "<group>"; };
		5E2961D92ACD77870094F708 /* ScheduleTableViewCell.swift */ = {isa = PBXFileReference; lastKnownFileType = sourcecode.swift; path = ScheduleTableViewCell.swift; sourceTree = "<group>"; };
		5E2961DA2ACD77870094F708 /* ScheduleTableViewCell.xib */ = {isa = PBXFileReference; lastKnownFileType = file.xib; path = ScheduleTableViewCell.xib; sourceTree = "<group>"; };
		5E2961DD2ACD79A40094F708 /* ScheduleViewModel.swift */ = {isa = PBXFileReference; lastKnownFileType = sourcecode.swift; path = ScheduleViewModel.swift; sourceTree = "<group>"; };
		5E2961DF2ACD7E360094F708 /* Venue.swift */ = {isa = PBXFileReference; lastKnownFileType = sourcecode.swift; path = Venue.swift; sourceTree = "<group>"; };
		5E385CCB2ACFF2D7002E3742 /* BindableType.swift */ = {isa = PBXFileReference; lastKnownFileType = sourcecode.swift; path = BindableType.swift; sourceTree = "<group>"; };
		5E39A5712AD579B300559DA2 /* DetailViewController.swift */ = {isa = PBXFileReference; lastKnownFileType = sourcecode.swift; path = DetailViewController.swift; sourceTree = "<group>"; };
		5E39A5722AD579B300559DA2 /* DetailViewController.xib */ = {isa = PBXFileReference; lastKnownFileType = file.xib; path = DetailViewController.xib; sourceTree = "<group>"; };
		5E39A5752AD5840900559DA2 /* GameStat.swift */ = {isa = PBXFileReference; lastKnownFileType = sourcecode.swift; path = GameStat.swift; sourceTree = "<group>"; };
		5E39A5772AD5850F00559DA2 /* Birth.swift */ = {isa = PBXFileReference; lastKnownFileType = sourcecode.swift; path = Birth.swift; sourceTree = "<group>"; };
		5E39A5792AD5870D00559DA2 /* DetailNavigator.swift */ = {isa = PBXFileReference; lastKnownFileType = sourcecode.swift; path = DetailNavigator.swift; sourceTree = "<group>"; };
		5E39A57B2AD5871A00559DA2 /* DetailViewModel.swift */ = {isa = PBXFileReference; lastKnownFileType = sourcecode.swift; path = DetailViewModel.swift; sourceTree = "<group>"; };
		5E39A57D2AD5872500559DA2 /* DetailUseCase.swift */ = {isa = PBXFileReference; lastKnownFileType = sourcecode.swift; path = DetailUseCase.swift; sourceTree = "<group>"; };
		5E4B70422AD646FE006EE2A5 /* DetailCollectionViewCell.swift */ = {isa = PBXFileReference; lastKnownFileType = sourcecode.swift; path = DetailCollectionViewCell.swift; sourceTree = "<group>"; };
		5E4B70432AD646FE006EE2A5 /* DetailCollectionViewCell.xib */ = {isa = PBXFileReference; lastKnownFileType = file.xib; path = DetailCollectionViewCell.xib; sourceTree = "<group>"; };
		5E4B70462AD64937006EE2A5 /* PassStat.swift */ = {isa = PBXFileReference; lastKnownFileType = sourcecode.swift; path = PassStat.swift; sourceTree = "<group>"; };
		5E4B70482AD64981006EE2A5 /* ShotStat.swift */ = {isa = PBXFileReference; lastKnownFileType = sourcecode.swift; path = ShotStat.swift; sourceTree = "<group>"; };
		5E4B704A2AD6D27A006EE2A5 /* RecordsType.swift */ = {isa = PBXFileReference; lastKnownFileType = sourcecode.swift; path = RecordsType.swift; sourceTree = "<group>"; };
		5E4B704C2AD6D29C006EE2A5 /* StatsType.swift */ = {isa = PBXFileReference; lastKnownFileType = sourcecode.swift; path = StatsType.swift; sourceTree = "<group>"; };
		5E4B704F2AD6D4CF006EE2A5 /* CategoryType.swift */ = {isa = PBXFileReference; lastKnownFileType = sourcecode.swift; path = CategoryType.swift; sourceTree = "<group>"; };
		5E4B70512AD6E634006EE2A5 /* Array+Extension.swift */ = {isa = PBXFileReference; lastKnownFileType = sourcecode.swift; path = "Array+Extension.swift"; sourceTree = "<group>"; };
		5E548EC82ACEFF1100340EEB /* StandingUseCase.swift */ = {isa = PBXFileReference; lastKnownFileType = sourcecode.swift; path = StandingUseCase.swift; sourceTree = "<group>"; };
		5E548ECA2ACF025D00340EEB /* ScheduleUseCase.swift */ = {isa = PBXFileReference; lastKnownFileType = sourcecode.swift; path = ScheduleUseCase.swift; sourceTree = "<group>"; };
		5E5DA7692AC9ACE5000219A6 /* NewsViewController.swift */ = {isa = PBXFileReference; lastKnownFileType = sourcecode.swift; path = NewsViewController.swift; sourceTree = "<group>"; };
		5E5DA76A2AC9ACE5000219A6 /* NewsViewController.xib */ = {isa = PBXFileReference; lastKnownFileType = file.xib; path = NewsViewController.xib; sourceTree = "<group>"; };
		5E5DA76E2AC9AD03000219A6 /* StandingViewController.swift */ = {isa = PBXFileReference; lastKnownFileType = sourcecode.swift; path = StandingViewController.swift; sourceTree = "<group>"; };
		5E5DA76F2AC9AD03000219A6 /* StandingViewController.xib */ = {isa = PBXFileReference; lastKnownFileType = file.xib; path = StandingViewController.xib; sourceTree = "<group>"; };
		5E5DA7732AC9AD32000219A6 /* StatsViewController.swift */ = {isa = PBXFileReference; lastKnownFileType = sourcecode.swift; path = StatsViewController.swift; sourceTree = "<group>"; };
		5E5DA7742AC9AD32000219A6 /* StatsViewController.xib */ = {isa = PBXFileReference; lastKnownFileType = file.xib; path = StatsViewController.xib; sourceTree = "<group>"; };
		5E5DA77E2AC9C538000219A6 /* FavouriteViewController.swift */ = {isa = PBXFileReference; lastKnownFileType = sourcecode.swift; path = FavouriteViewController.swift; sourceTree = "<group>"; };
		5E5DA77F2AC9C538000219A6 /* FavouriteViewController.xib */ = {isa = PBXFileReference; lastKnownFileType = file.xib; path = FavouriteViewController.xib; sourceTree = "<group>"; };
		5E5DA7842AC9C9C2000219A6 /* TabBarController.swift */ = {isa = PBXFileReference; lastKnownFileType = sourcecode.swift; path = TabBarController.swift; sourceTree = "<group>"; };
		5E5DA7852AC9C9C2000219A6 /* TabBarController.xib */ = {isa = PBXFileReference; lastKnownFileType = file.xib; path = TabBarController.xib; sourceTree = "<group>"; };
		5E5DA78C2AC9D36F000219A6 /* News.swift */ = {isa = PBXFileReference; lastKnownFileType = sourcecode.swift; path = News.swift; sourceTree = "<group>"; };
		5E5DA7912AC9D4EE000219A6 /* APIService.swift */ = {isa = PBXFileReference; lastKnownFileType = sourcecode.swift; path = APIService.swift; sourceTree = "<group>"; };
		5E5DA7932AC9D564000219A6 /* URLs.swift */ = {isa = PBXFileReference; lastKnownFileType = sourcecode.swift; path = URLs.swift; sourceTree = "<group>"; };
		5E5DB8DF2ACA5A5D00D4C5B6 /* Player.swift */ = {isa = PBXFileReference; lastKnownFileType = sourcecode.swift; path = Player.swift; sourceTree = "<group>"; };
		5E5DB8E32ACA61D700D4C5B6 /* StandingsResponse.swift */ = {isa = PBXFileReference; lastKnownFileType = sourcecode.swift; name = StandingsResponse.swift; path = FootballStats/Data/Source/API/Response/StandingsResponse.swift; sourceTree = SOURCE_ROOT; };
		5E5DB8E52ACA625400D4C5B6 /* StatsResponse.swift */ = {isa = PBXFileReference; lastKnownFileType = sourcecode.swift; path = StatsResponse.swift; sourceTree = "<group>"; };
		5E5DB8E82ACA6B3B00D4C5B6 /* SchedulesResponse.swift */ = {isa = PBXFileReference; lastKnownFileType = sourcecode.swift; path = SchedulesResponse.swift; sourceTree = "<group>"; };
		5E5DB8EA2ACA6C1F00D4C5B6 /* Team.swift */ = {isa = PBXFileReference; lastKnownFileType = sourcecode.swift; path = Team.swift; sourceTree = "<group>"; };
		5E5DB8EC2ACA792E00D4C5B6 /* League.swift */ = {isa = PBXFileReference; lastKnownFileType = sourcecode.swift; name = League.swift; path = FootballStats/Data/Model/Team/League.swift; sourceTree = SOURCE_ROOT; };
		5E5DB8EE2ACA793E00D4C5B6 /* Standing.swift */ = {isa = PBXFileReference; lastKnownFileType = sourcecode.swift; name = Standing.swift; path = FootballStats/Data/Model/Team/Standing.swift; sourceTree = SOURCE_ROOT; };
		5E5DB8F02ACA796200D4C5B6 /* Statistic.swift */ = {isa = PBXFileReference; lastKnownFileType = sourcecode.swift; path = Statistic.swift; sourceTree = "<group>"; };
		5E5DB8F22ACA797400D4C5B6 /* GoalStat.swift */ = {isa = PBXFileReference; lastKnownFileType = sourcecode.swift; path = GoalStat.swift; sourceTree = "<group>"; };
		5E5DB8F42ACA799400D4C5B6 /* Fixture.swift */ = {isa = PBXFileReference; lastKnownFileType = sourcecode.swift; path = Fixture.swift; sourceTree = "<group>"; };
		5E5DB8F62ACA79A600D4C5B6 /* Teams.swift */ = {isa = PBXFileReference; lastKnownFileType = sourcecode.swift; path = Teams.swift; sourceTree = "<group>"; };
		5E5DB8F82ACA79B800D4C5B6 /* Goals.swift */ = {isa = PBXFileReference; lastKnownFileType = sourcecode.swift; path = Goals.swift; sourceTree = "<group>"; };
		5E65F8632ACE5AA500AF00EF /* Date+Extension.swift */ = {isa = PBXFileReference; lastKnownFileType = sourcecode.swift; path = "Date+Extension.swift"; sourceTree = "<group>"; };
		5E65F8672ACEB8E800AF00EF /* NewsUseCase.swift */ = {isa = PBXFileReference; lastKnownFileType = sourcecode.swift; path = NewsUseCase.swift; sourceTree = "<group>"; };
		5E77CE6E2AC7CC5300BAA3B1 /* FootballStats.app */ = {isa = PBXFileReference; explicitFileType = wrapper.application; includeInIndex = 0; path = FootballStats.app; sourceTree = BUILT_PRODUCTS_DIR; };
		5E77CE712AC7CC5300BAA3B1 /* AppDelegate.swift */ = {isa = PBXFileReference; lastKnownFileType = sourcecode.swift; path = AppDelegate.swift; sourceTree = "<group>"; };
		5E77CE782AC7CC5300BAA3B1 /* Base */ = {isa = PBXFileReference; lastKnownFileType = file.storyboard; name = Base; path = Base.lproj/Main.storyboard; sourceTree = "<group>"; };
		5E77CE7B2AC7CC5300BAA3B1 /* FootballStats.xcdatamodel */ = {isa = PBXFileReference; lastKnownFileType = wrapper.xcdatamodel; path = FootballStats.xcdatamodel; sourceTree = "<group>"; };
		5E77CE7D2AC7CC5500BAA3B1 /* Assets.xcassets */ = {isa = PBXFileReference; lastKnownFileType = folder.assetcatalog; path = Assets.xcassets; sourceTree = "<group>"; };
		5E77CE802AC7CC5500BAA3B1 /* Base */ = {isa = PBXFileReference; lastKnownFileType = file.storyboard; name = Base; path = Base.lproj/LaunchScreen.storyboard; sourceTree = "<group>"; };
		5E77CE822AC7CC5500BAA3B1 /* Info.plist */ = {isa = PBXFileReference; lastKnownFileType = text.plist.xml; path = Info.plist; sourceTree = "<group>"; };
		5EA4E5942AD39CC700E8A40E /* Schedule.swift */ = {isa = PBXFileReference; lastKnownFileType = sourcecode.swift; path = Schedule.swift; sourceTree = "<group>"; };
		5EA4E5992AD39EB200E8A40E /* BaseRequest.swift */ = {isa = PBXFileReference; lastKnownFileType = sourcecode.swift; path = BaseRequest.swift; sourceTree = "<group>"; };
		5EA4E59B2AD39EE600E8A40E /* NewsRequest.swift */ = {isa = PBXFileReference; lastKnownFileType = sourcecode.swift; path = NewsRequest.swift; sourceTree = "<group>"; };
		5EA4E59D2AD3A07D00E8A40E /* StandingRequest.swift */ = {isa = PBXFileReference; lastKnownFileType = sourcecode.swift; path = StandingRequest.swift; sourceTree = "<group>"; };
		5EA4E59F2AD3A0EA00E8A40E /* ScheduleRequest.swift */ = {isa = PBXFileReference; lastKnownFileType = sourcecode.swift; path = ScheduleRequest.swift; sourceTree = "<group>"; };
		5EA4E5A22AD3AEB900E8A40E /* Stats.swift */ = {isa = PBXFileReference; lastKnownFileType = sourcecode.swift; path = Stats.swift; sourceTree = "<group>"; };
		5EA4E5A72AD42F8D00E8A40E /* StatsCollectionViewCell.swift */ = {isa = PBXFileReference; lastKnownFileType = sourcecode.swift; path = StatsCollectionViewCell.swift; sourceTree = "<group>"; };
		5EA4E5A82AD42F8D00E8A40E /* StatsCollectionViewCell.xib */ = {isa = PBXFileReference; lastKnownFileType = file.xib; path = StatsCollectionViewCell.xib; sourceTree = "<group>"; };
		5EA4E5AB2AD4350C00E8A40E /* StatsRequest.swift */ = {isa = PBXFileReference; lastKnownFileType = sourcecode.swift; path = StatsRequest.swift; sourceTree = "<group>"; };
		5EA4E5AD2AD435BA00E8A40E /* StatsRepository.swift */ = {isa = PBXFileReference; lastKnownFileType = sourcecode.swift; path = StatsRepository.swift; sourceTree = "<group>"; };
		5EA4E5AF2AD4368700E8A40E /* StatsUseCase.swift */ = {isa = PBXFileReference; lastKnownFileType = sourcecode.swift; path = StatsUseCase.swift; sourceTree = "<group>"; };
		5EA4E5B12AD4369500E8A40E /* StatsNavigator.swift */ = {isa = PBXFileReference; lastKnownFileType = sourcecode.swift; path = StatsNavigator.swift; sourceTree = "<group>"; };
		5EA4E5B32AD4369E00E8A40E /* StatsViewModel.swift */ = {isa = PBXFileReference; lastKnownFileType = sourcecode.swift; path = StatsViewModel.swift; sourceTree = "<group>"; };
		5EA4E5B52AD4411C00E8A40E /* CardStat.swift */ = {isa = PBXFileReference; lastKnownFileType = sourcecode.swift; path = CardStat.swift; sourceTree = "<group>"; };
		5EA4E5B72AD442B800E8A40E /* StatsTableViewCell.swift */ = {isa = PBXFileReference; lastKnownFileType = sourcecode.swift; path = StatsTableViewCell.swift; sourceTree = "<group>"; };
		5EA4E5B82AD442B800E8A40E /* StatsTableViewCell.xib */ = {isa = PBXFileReference; lastKnownFileType = file.xib; path = StatsTableViewCell.xib; sourceTree = "<group>"; };
		5EA4F2892ACA52DF00617631 /* Constants.swift */ = {isa = PBXFileReference; lastKnownFileType = sourcecode.swift; path = Constants.swift; sourceTree = "<group>"; };
		5EC898BF2ACFB3F200BFC60F /* NewsNavigator.swift */ = {isa = PBXFileReference; lastKnownFileType = sourcecode.swift; path = NewsNavigator.swift; sourceTree = "<group>"; };
		5EC898C12ACFB42A00BFC60F /* ScheduleNavigator.swift */ = {isa = PBXFileReference; lastKnownFileType = sourcecode.swift; path = ScheduleNavigator.swift; sourceTree = "<group>"; };
		5EC898C32ACFB44700BFC60F /* StandingNavigator.swift */ = {isa = PBXFileReference; lastKnownFileType = sourcecode.swift; path = StandingNavigator.swift; sourceTree = "<group>"; };
		5ED6DAF62AD2D578003E50F7 /* AppNavigator.swift */ = {isa = PBXFileReference; lastKnownFileType = sourcecode.swift; path = AppNavigator.swift; sourceTree = "<group>"; };
		5ED6DAF82AD2D5F6003E50F7 /* AppUseCase.swift */ = {isa = PBXFileReference; lastKnownFileType = sourcecode.swift; path = AppUseCase.swift; sourceTree = "<group>"; };
		5ED6DAFA2AD2D60A003E50F7 /* AppViewModel.swift */ = {isa = PBXFileReference; lastKnownFileType = sourcecode.swift; path = AppViewModel.swift; sourceTree = "<group>"; };
		704646A79F571FB8C9CBF0DB /* Pods-FootballStats.debug.xcconfig */ = {isa = PBXFileReference; includeInIndex = 1; lastKnownFileType = text.xcconfig; name = "Pods-FootballStats.debug.xcconfig"; path = "Target Support Files/Pods-FootballStats/Pods-FootballStats.debug.xcconfig"; sourceTree = "<group>"; };
		C2616681C69F19559FAD5A53 /* Pods_FootballStats.framework */ = {isa = PBXFileReference; explicitFileType = wrapper.framework; includeInIndex = 0; path = Pods_FootballStats.framework; sourceTree = BUILT_PRODUCTS_DIR; };
/* End PBXFileReference section */

/* Begin PBXFrameworksBuildPhase section */
		5E77CE6B2AC7CC5300BAA3B1 /* Frameworks */ = {
			isa = PBXFrameworksBuildPhase;
			buildActionMask = 2147483647;
			files = (
				7C06F5CA3256ED40604DE635 /* Pods_FootballStats.framework in Frameworks */,
			);
			runOnlyForDeploymentPostprocessing = 0;
		};
/* End PBXFrameworksBuildPhase section */

/* Begin PBXGroup section */
		0A32253687EF91A4ABBB5D94 /* Pods */ = {
			isa = PBXGroup;
			children = (
				704646A79F571FB8C9CBF0DB /* Pods-FootballStats.debug.xcconfig */,
				427EF7478335B5322DDE884A /* Pods-FootballStats.release.xcconfig */,
			);
			path = Pods;
			sourceTree = "<group>";
		};
		5E09BFD62AC7CF79006EEE4F /* Application */ = {
			isa = PBXGroup;
			children = (
				5E77CE712AC7CC5300BAA3B1 /* AppDelegate.swift */,
			);
			path = Application;
			sourceTree = "<group>";
		};
		5E09BFD72AC7CFB9006EEE4F /* Data */ = {
			isa = PBXGroup;
			children = (
				5E5DA78E2AC9D49F000219A6 /* Source */,
				5E09BFD82AC7CFC8006EEE4F /* Model */,
			);
			path = Data;
			sourceTree = "<group>";
		};
		5E09BFD82AC7CFC8006EEE4F /* Model */ = {
			isa = PBXGroup;
			children = (
				5EA4E5972AD39E2A00E8A40E /* News */,
				5E5DB8E72ACA6B2B00D4C5B6 /* Schedule */,
				5E5DB8DC2ACA576500D4C5B6 /* Stats */,
				5E5DB8FA2ACA90B500D4C5B6 /* Team */,
			);
			path = Model;
			sourceTree = "<group>";
		};
		5E09BFD92AC7CFD2006EEE4F /* Extension */ = {
			isa = PBXGroup;
			children = (
				5E2961C72ACD41FC0094F708 /* ViewController+Extension.swift */,
				5E2961D62ACD71E90094F708 /* Dictionary+Extension.swift */,
				5E65F8632ACE5AA500AF00EF /* Date+Extension.swift */,
				5E4B70512AD6E634006EE2A5 /* Array+Extension.swift */,
			);
			path = Extension;
			sourceTree = "<group>";
		};
		5E09BFDA2AC7CFEF006EEE4F /* Repository */ = {
			isa = PBXGroup;
			children = (
				5E2961B22ACD3C5C0094F708 /* NewsRepository.swift */,
				5E2961CE2ACD65680094F708 /* StandingRepository.swift */,
				5E2961D42ACD70440094F708 /* ScheduleRepository.swift */,
				5EA4E5AD2AD435BA00E8A40E /* StatsRepository.swift */,
			);
			path = Repository;
			sourceTree = "<group>";
		};
		5E09BFDB2AC7CFFE006EEE4F /* Resources */ = {
			isa = PBXGroup;
			children = (
				5E77CE7D2AC7CC5500BAA3B1 /* Assets.xcassets */,
				5E2961B42ACD3C700094F708 /* Generated */,
				5E2961B72ACD3C700094F708 /* Localizable.strings */,
			);
			path = Resources;
			sourceTree = "<group>";
		};
		5E09BFDC2AC7D010006EEE4F /* Scenes */ = {
			isa = PBXGroup;
			children = (
				5ED6DAF52AD2D568003E50F7 /* App */,
				5E1EFC982AD0118200083011 /* Base */,
				5E39A5702AD5798F00559DA2 /* Detail */,
				5E5DA77D2AC9C527000219A6 /* Favourite */,
				5E5DA7722AC9AD24000219A6 /* Stats */,
				5E5DA76D2AC9ACF2000219A6 /* Standing */,
				5E2961C22ACD3CE30094F708 /* Schedule */,
				5E5DA7682AC9ACCD000219A6 /* News */,
				5E5DA75A2AC9A964000219A6 /* TabBar */,
				5E09BFDE2AC7D06C006EEE4F /* Base.lproj */,
			);
			path = Scenes;
			sourceTree = "<group>";
		};
		5E09BFDD2AC7D022006EEE4F /* Utils */ = {
			isa = PBXGroup;
			children = (
				5E5DA7932AC9D564000219A6 /* URLs.swift */,
				5EA4F2892ACA52DF00617631 /* Constants.swift */,
			);
			path = Utils;
			sourceTree = "<group>";
		};
		5E09BFDE2AC7D06C006EEE4F /* Base.lproj */ = {
			isa = PBXGroup;
			children = (
				5E77CE772AC7CC5300BAA3B1 /* Main.storyboard */,
				5E77CE7F2AC7CC5500BAA3B1 /* LaunchScreen.storyboard */,
			);
			path = Base.lproj;
			sourceTree = "<group>";
		};
		5E1EFC982AD0118200083011 /* Base */ = {
			isa = PBXGroup;
			children = (
				5E4B704A2AD6D27A006EE2A5 /* RecordsType.swift */,
				5E4B704C2AD6D29C006EE2A5 /* StatsType.swift */,
				5E4B704F2AD6D4CF006EE2A5 /* CategoryType.swift */,
			);
			path = Base;
			sourceTree = "<group>";
		};
		5E2961AD2ACD3C3C0094F708 /* Cell */ = {
			isa = PBXGroup;
			children = (
				5E2961AE2ACD3C3C0094F708 /* NewsCollectionViewCell.swift */,
				5E2961AF2ACD3C3C0094F708 /* NewsCollectionViewCell.xib */,
			);
			path = Cell;
			sourceTree = "<group>";
		};
		5E2961B42ACD3C700094F708 /* Generated */ = {
			isa = PBXGroup;
			children = (
				5E2961B52ACD3C700094F708 /* Assets+Generated.swift */,
				5E2961B62ACD3C700094F708 /* Strings+Generated.swift */,
			);
			path = Generated;
			sourceTree = "<group>";
		};
		5E2961BF2ACD3CD50094F708 /* TabBarInfo */ = {
			isa = PBXGroup;
			children = (
				5E2961C02ACD3CD50094F708 /* TabBarInfo.swift */,
			);
			path = TabBarInfo;
			sourceTree = "<group>";
		};
		5E2961C22ACD3CE30094F708 /* Schedule */ = {
			isa = PBXGroup;
			children = (
				5E2961D82ACD77660094F708 /* Cell */,
				5E548ECA2ACF025D00340EEB /* ScheduleUseCase.swift */,
				5EC898C12ACFB42A00BFC60F /* ScheduleNavigator.swift */,
				5E2961C32ACD3CE30094F708 /* ScheduleViewController.swift */,
				5E2961C42ACD3CE30094F708 /* ScheduleViewController.xib */,
				5E2961DD2ACD79A40094F708 /* ScheduleViewModel.swift */,
			);
			path = Schedule;
			sourceTree = "<group>";
		};
		5E2961C92ACD4E110094F708 /* Cell */ = {
			isa = PBXGroup;
			children = (
				5E2961CA2ACD4E280094F708 /* StandingTableViewCell.swift */,
				5E2961CB2ACD4E280094F708 /* StandingTableViewCell.xib */,
			);
			path = Cell;
			sourceTree = "<group>";
		};
		5E2961D82ACD77660094F708 /* Cell */ = {
			isa = PBXGroup;
			children = (
				5E2961D92ACD77870094F708 /* ScheduleTableViewCell.swift */,
				5E2961DA2ACD77870094F708 /* ScheduleTableViewCell.xib */,
			);
			path = Cell;
			sourceTree = "<group>";
		};
		5E39A5702AD5798F00559DA2 /* Detail */ = {
			isa = PBXGroup;
			children = (
				5E4B70412AD646DF006EE2A5 /* Cell */,
				5E39A5792AD5870D00559DA2 /* DetailNavigator.swift */,
				5E39A57D2AD5872500559DA2 /* DetailUseCase.swift */,
				5E39A5712AD579B300559DA2 /* DetailViewController.swift */,
				5E39A5722AD579B300559DA2 /* DetailViewController.xib */,
				5E39A57B2AD5871A00559DA2 /* DetailViewModel.swift */,
			);
			path = Detail;
			sourceTree = "<group>";
		};
		5E4B70412AD646DF006EE2A5 /* Cell */ = {
			isa = PBXGroup;
			children = (
				5E4B70422AD646FE006EE2A5 /* DetailCollectionViewCell.swift */,
				5E4B70432AD646FE006EE2A5 /* DetailCollectionViewCell.xib */,
			);
			path = Cell;
			sourceTree = "<group>";
		};
		5E5DA75A2AC9A964000219A6 /* TabBar */ = {
			isa = PBXGroup;
			children = (
				5E2961BF2ACD3CD50094F708 /* TabBarInfo */,
				5E5DA7842AC9C9C2000219A6 /* TabBarController.swift */,
				5E5DA7852AC9C9C2000219A6 /* TabBarController.xib */,
			);
			path = TabBar;
			sourceTree = "<group>";
		};
		5E5DA7682AC9ACCD000219A6 /* News */ = {
			isa = PBXGroup;
			children = (
				5E2961AD2ACD3C3C0094F708 /* Cell */,
				5E65F8672ACEB8E800AF00EF /* NewsUseCase.swift */,
				5EC898BF2ACFB3F200BFC60F /* NewsNavigator.swift */,
				5E5DA7692AC9ACE5000219A6 /* NewsViewController.swift */,
				5E5DA76A2AC9ACE5000219A6 /* NewsViewController.xib */,
				5E2961AB2ACD3C350094F708 /* NewsViewModel.swift */,
			);
			path = News;
			sourceTree = "<group>";
		};
		5E5DA76D2AC9ACF2000219A6 /* Standing */ = {
			isa = PBXGroup;
			children = (
				5E2961C92ACD4E110094F708 /* Cell */,
				5E548EC82ACEFF1100340EEB /* StandingUseCase.swift */,
				5EC898C32ACFB44700BFC60F /* StandingNavigator.swift */,
				5E5DA76E2AC9AD03000219A6 /* StandingViewController.swift */,
				5E5DA76F2AC9AD03000219A6 /* StandingViewController.xib */,
				5E2961D22ACD69B80094F708 /* StandingViewModel.swift */,
			);
			path = Standing;
			sourceTree = "<group>";
		};
		5E5DA7722AC9AD24000219A6 /* Stats */ = {
			isa = PBXGroup;
			children = (
				5EA4E5A62AD42F7700E8A40E /* Cell */,
				5EA4E5AF2AD4368700E8A40E /* StatsUseCase.swift */,
				5EA4E5B12AD4369500E8A40E /* StatsNavigator.swift */,
				5E5DA7732AC9AD32000219A6 /* StatsViewController.swift */,
				5E5DA7742AC9AD32000219A6 /* StatsViewController.xib */,
				5EA4E5B32AD4369E00E8A40E /* StatsViewModel.swift */,
			);
			path = Stats;
			sourceTree = "<group>";
		};
		5E5DA77D2AC9C527000219A6 /* Favourite */ = {
			isa = PBXGroup;
			children = (
				5E5DA77E2AC9C538000219A6 /* FavouriteViewController.swift */,
				5E5DA77F2AC9C538000219A6 /* FavouriteViewController.xib */,
			);
			path = Favourite;
			sourceTree = "<group>";
		};
		5E5DA78E2AC9D49F000219A6 /* Source */ = {
			isa = PBXGroup;
			children = (
				5EA4E5A12AD3A34300E8A40E /* Service */,
				5E5DA7902AC9D4DC000219A6 /* API */,
			);
			path = Source;
			sourceTree = "<group>";
		};
		5E5DA7902AC9D4DC000219A6 /* API */ = {
			isa = PBXGroup;
			children = (
				5EA4E5982AD39EA400E8A40E /* Request */,
				5EA4E5962AD39D0A00E8A40E /* Response */,
			);
			path = API;
			sourceTree = "<group>";
		};
		5E5DB8DC2ACA576500D4C5B6 /* Stats */ = {
			isa = PBXGroup;
			children = (
				5E5DB8DF2ACA5A5D00D4C5B6 /* Player.swift */,
				5E5DB8F02ACA796200D4C5B6 /* Statistic.swift */,
				5E5DB8F22ACA797400D4C5B6 /* GoalStat.swift */,
				5EA4E5A22AD3AEB900E8A40E /* Stats.swift */,
				5EA4E5B52AD4411C00E8A40E /* CardStat.swift */,
				5E39A5752AD5840900559DA2 /* GameStat.swift */,
				5E39A5772AD5850F00559DA2 /* Birth.swift */,
				5E4B70462AD64937006EE2A5 /* PassStat.swift */,
				5E4B70482AD64981006EE2A5 /* ShotStat.swift */,
			);
			path = Stats;
			sourceTree = "<group>";
		};
		5E5DB8E72ACA6B2B00D4C5B6 /* Schedule */ = {
			isa = PBXGroup;
			children = (
				5E5DB8F42ACA799400D4C5B6 /* Fixture.swift */,
				5E5DB8F62ACA79A600D4C5B6 /* Teams.swift */,
				5E5DB8F82ACA79B800D4C5B6 /* Goals.swift */,
				5E2961DF2ACD7E360094F708 /* Venue.swift */,
				5E1D7B6C2ACDC8AD00ABCBA9 /* FixtureLeague.swift */,
				5EA4E5942AD39CC700E8A40E /* Schedule.swift */,
			);
			path = Schedule;
			sourceTree = "<group>";
		};
		5E5DB8FA2ACA90B500D4C5B6 /* Team */ = {
			isa = PBXGroup;
			children = (
				5E5DB8EA2ACA6C1F00D4C5B6 /* Team.swift */,
				5E5DB8EC2ACA792E00D4C5B6 /* League.swift */,
				5E5DB8EE2ACA793E00D4C5B6 /* Standing.swift */,
				5E2961D02ACD66110094F708 /* MatchStats.swift */,
			);
			path = Team;
			sourceTree = "<group>";
		};
		5E64CAD62AD7AEE10040DFF1 /* Domain */ = {
			isa = PBXGroup;
			children = (
				5E64CAD72AD7AEF20040DFF1 /* Architecture */,
				5E09BFD92AC7CFD2006EEE4F /* Extension */,
			);
			path = Domain;
			sourceTree = "<group>";
		};
		5E64CAD72AD7AEF20040DFF1 /* Architecture */ = {
			isa = PBXGroup;
			children = (
				5E385CCB2ACFF2D7002E3742 /* BindableType.swift */,
				5E1EFC992AD011A700083011 /* ViewModelType.swift */,
			);
			path = Architecture;
			sourceTree = "<group>";
		};
		5E77CE652AC7CC5300BAA3B1 = {
			isa = PBXGroup;
			children = (
				5E77CE702AC7CC5300BAA3B1 /* FootballStats */,
				5E77CE6F2AC7CC5300BAA3B1 /* Products */,
				0A32253687EF91A4ABBB5D94 /* Pods */,
				93CB1BE942B6D50F584690BA /* Frameworks */,
			);
			sourceTree = "<group>";
		};
		5E77CE6F2AC7CC5300BAA3B1 /* Products */ = {
			isa = PBXGroup;
			children = (
				5E77CE6E2AC7CC5300BAA3B1 /* FootballStats.app */,
			);
			name = Products;
			sourceTree = "<group>";
		};
		5E77CE702AC7CC5300BAA3B1 /* FootballStats */ = {
			isa = PBXGroup;
			children = (
				5E09BFD62AC7CF79006EEE4F /* Application */,
				5E09BFD72AC7CFB9006EEE4F /* Data */,
				5E64CAD62AD7AEE10040DFF1 /* Domain */,
				5E09BFDA2AC7CFEF006EEE4F /* Repository */,
				5E09BFDB2AC7CFFE006EEE4F /* Resources */,
				5E09BFDC2AC7D010006EEE4F /* Scenes */,
				5E09BFDD2AC7D022006EEE4F /* Utils */,
				5E77CE822AC7CC5500BAA3B1 /* Info.plist */,
				5E77CE7A2AC7CC5300BAA3B1 /* FootballStats.xcdatamodeld */,
				5E2961BB2ACD3C7A0094F708 /* Keys.plist */,
				5E2961BD2ACD3C820094F708 /* swiftgen.yml */,
			);
			path = FootballStats;
			sourceTree = "<group>";
		};
		5EA4E5962AD39D0A00E8A40E /* Response */ = {
			isa = PBXGroup;
			children = (
				5E5DB8E52ACA625400D4C5B6 /* StatsResponse.swift */,
				5E5DB8E32ACA61D700D4C5B6 /* StandingsResponse.swift */,
				5E5DB8E82ACA6B3B00D4C5B6 /* SchedulesResponse.swift */,
			);
			path = Response;
			sourceTree = "<group>";
		};
		5EA4E5972AD39E2A00E8A40E /* News */ = {
			isa = PBXGroup;
			children = (
				5E5DA78C2AC9D36F000219A6 /* News.swift */,
			);
			path = News;
			sourceTree = "<group>";
		};
		5EA4E5982AD39EA400E8A40E /* Request */ = {
			isa = PBXGroup;
			children = (
				5EA4E5992AD39EB200E8A40E /* BaseRequest.swift */,
				5EA4E59B2AD39EE600E8A40E /* NewsRequest.swift */,
				5EA4E59D2AD3A07D00E8A40E /* StandingRequest.swift */,
				5EA4E59F2AD3A0EA00E8A40E /* ScheduleRequest.swift */,
				5EA4E5AB2AD4350C00E8A40E /* StatsRequest.swift */,
			);
			path = Request;
			sourceTree = "<group>";
		};
		5EA4E5A12AD3A34300E8A40E /* Service */ = {
			isa = PBXGroup;
			children = (
				5E5DA7912AC9D4EE000219A6 /* APIService.swift */,
			);
			path = Service;
			sourceTree = "<group>";
		};
		5EA4E5A62AD42F7700E8A40E /* Cell */ = {
			isa = PBXGroup;
			children = (
				5EA4E5A72AD42F8D00E8A40E /* StatsCollectionViewCell.swift */,
				5EA4E5A82AD42F8D00E8A40E /* StatsCollectionViewCell.xib */,
				5EA4E5B72AD442B800E8A40E /* StatsTableViewCell.swift */,
				5EA4E5B82AD442B800E8A40E /* StatsTableViewCell.xib */,
			);
			path = Cell;
			sourceTree = "<group>";
		};
		5ED6DAF52AD2D568003E50F7 /* App */ = {
			isa = PBXGroup;
			children = (
				5ED6DAF62AD2D578003E50F7 /* AppNavigator.swift */,
				5ED6DAF82AD2D5F6003E50F7 /* AppUseCase.swift */,
				5ED6DAFA2AD2D60A003E50F7 /* AppViewModel.swift */,
			);
			path = App;
			sourceTree = "<group>";
		};
		93CB1BE942B6D50F584690BA /* Frameworks */ = {
			isa = PBXGroup;
			children = (
				C2616681C69F19559FAD5A53 /* Pods_FootballStats.framework */,
			);
			name = Frameworks;
			sourceTree = "<group>";
		};
/* End PBXGroup section */

/* Begin PBXNativeTarget section */
		5E77CE6D2AC7CC5300BAA3B1 /* FootballStats */ = {
			isa = PBXNativeTarget;
			buildConfigurationList = 5E77CE852AC7CC5500BAA3B1 /* Build configuration list for PBXNativeTarget "FootballStats" */;
			buildPhases = (
				827F26AF98DEEBD58D28AD11 /* [CP] Check Pods Manifest.lock */,
				5E77CE6A2AC7CC5300BAA3B1 /* Sources */,
				5E77CE6B2AC7CC5300BAA3B1 /* Frameworks */,
				5E77CE6C2AC7CC5300BAA3B1 /* Resources */,
				B3007E4E4366393BCE76C9A4 /* [CP] Embed Pods Frameworks */,
				5E5DB8FC2ACAA64200D4C5B6 /* ShellScript */,
			);
			buildRules = (
			);
			dependencies = (
			);
			name = FootballStats;
			productName = FootballStats;
			productReference = 5E77CE6E2AC7CC5300BAA3B1 /* FootballStats.app */;
			productType = "com.apple.product-type.application";
		};
/* End PBXNativeTarget section */

/* Begin PBXProject section */
		5E77CE662AC7CC5300BAA3B1 /* Project object */ = {
			isa = PBXProject;
			attributes = {
				BuildIndependentTargetsInParallel = 1;
				LastSwiftUpdateCheck = 1500;
				LastUpgradeCheck = 1500;
				TargetAttributes = {
					5E77CE6D2AC7CC5300BAA3B1 = {
						CreatedOnToolsVersion = 15.0;
					};
				};
			};
			buildConfigurationList = 5E77CE692AC7CC5300BAA3B1 /* Build configuration list for PBXProject "FootballStats" */;
			compatibilityVersion = "Xcode 14.0";
			developmentRegion = en;
			hasScannedForEncodings = 0;
			knownRegions = (
				en,
				Base,
			);
			mainGroup = 5E77CE652AC7CC5300BAA3B1;
			productRefGroup = 5E77CE6F2AC7CC5300BAA3B1 /* Products */;
			projectDirPath = "";
			projectRoot = "";
			targets = (
				5E77CE6D2AC7CC5300BAA3B1 /* FootballStats */,
			);
		};
/* End PBXProject section */

/* Begin PBXResourcesBuildPhase section */
		5E77CE6C2AC7CC5300BAA3B1 /* Resources */ = {
			isa = PBXResourcesBuildPhase;
			buildActionMask = 2147483647;
			files = (
				5E77CE812AC7CC5500BAA3B1 /* LaunchScreen.storyboard in Resources */,
				5E5DA7762AC9AD32000219A6 /* StatsViewController.xib in Resources */,
				5E4B70452AD646FE006EE2A5 /* DetailCollectionViewCell.xib in Resources */,
				5EA4E5AA2AD42F8D00E8A40E /* StatsCollectionViewCell.xib in Resources */,
				5E2961BC2ACD3C7B0094F708 /* Keys.plist in Resources */,
				5EA4E5BA2AD442B800E8A40E /* StatsTableViewCell.xib in Resources */,
				5E5DA7812AC9C538000219A6 /* FavouriteViewController.xib in Resources */,
				5E2961DC2ACD77870094F708 /* ScheduleTableViewCell.xib in Resources */,
				5E5DA7712AC9AD03000219A6 /* StandingViewController.xib in Resources */,
				5E5DA76C2AC9ACE5000219A6 /* NewsViewController.xib in Resources */,
				5E2961BA2ACD3C700094F708 /* Localizable.strings in Resources */,
				5E2961B12ACD3C3C0094F708 /* NewsCollectionViewCell.xib in Resources */,
				5E5DA7872AC9C9C2000219A6 /* TabBarController.xib in Resources */,
				5E77CE7E2AC7CC5500BAA3B1 /* Assets.xcassets in Resources */,
				5E39A5742AD579B300559DA2 /* DetailViewController.xib in Resources */,
				5E77CE792AC7CC5300BAA3B1 /* Main.storyboard in Resources */,
				5E2961C62ACD3CE30094F708 /* ScheduleViewController.xib in Resources */,
				5E2961BE2ACD3C820094F708 /* swiftgen.yml in Resources */,
				5E2961CD2ACD4E280094F708 /* StandingTableViewCell.xib in Resources */,
			);
			runOnlyForDeploymentPostprocessing = 0;
		};
/* End PBXResourcesBuildPhase section */

/* Begin PBXShellScriptBuildPhase section */
		5E5DB8FC2ACAA64200D4C5B6 /* ShellScript */ = {
			isa = PBXShellScriptBuildPhase;
			buildActionMask = 12;
			files = (
			);
			inputFileListPaths = (
			);
			inputPaths = (
			);
			outputFileListPaths = (
			);
			outputPaths = (
			);
			runOnlyForDeploymentPostprocessing = 0;
			shellPath = /bin/sh;
			shellScript = "# Type a script or drag a script file from your workspace to insert its path.\nif which swiftlint >/dev/null; then\n  swiftlint\nelse\n  echo \"warning: SwiftLint not installed, download from https://github.com/realm/SwiftLint\"\nfi\n";
		};
		827F26AF98DEEBD58D28AD11 /* [CP] Check Pods Manifest.lock */ = {
			isa = PBXShellScriptBuildPhase;
			buildActionMask = 2147483647;
			files = (
			);
			inputFileListPaths = (
			);
			inputPaths = (
				"${PODS_PODFILE_DIR_PATH}/Podfile.lock",
				"${PODS_ROOT}/Manifest.lock",
			);
			name = "[CP] Check Pods Manifest.lock";
			outputFileListPaths = (
			);
			outputPaths = (
				"$(DERIVED_FILE_DIR)/Pods-FootballStats-checkManifestLockResult.txt",
			);
			runOnlyForDeploymentPostprocessing = 0;
			shellPath = /bin/sh;
			shellScript = "diff \"${PODS_PODFILE_DIR_PATH}/Podfile.lock\" \"${PODS_ROOT}/Manifest.lock\" > /dev/null\nif [ $? != 0 ] ; then\n    # print error to STDERR\n    echo \"error: The sandbox is not in sync with the Podfile.lock. Run 'pod install' or update your CocoaPods installation.\" >&2\n    exit 1\nfi\n# This output is used by Xcode 'outputs' to avoid re-running this script phase.\necho \"SUCCESS\" > \"${SCRIPT_OUTPUT_FILE_0}\"\n";
			showEnvVarsInLog = 0;
		};
		B3007E4E4366393BCE76C9A4 /* [CP] Embed Pods Frameworks */ = {
			isa = PBXShellScriptBuildPhase;
			buildActionMask = 2147483647;
			files = (
			);
			inputFileListPaths = (
				"${PODS_ROOT}/Target Support Files/Pods-FootballStats/Pods-FootballStats-frameworks-${CONFIGURATION}-input-files.xcfilelist",
			);
			name = "[CP] Embed Pods Frameworks";
			outputFileListPaths = (
				"${PODS_ROOT}/Target Support Files/Pods-FootballStats/Pods-FootballStats-frameworks-${CONFIGURATION}-output-files.xcfilelist",
			);
			runOnlyForDeploymentPostprocessing = 0;
			shellPath = /bin/sh;
			shellScript = "\"${PODS_ROOT}/Target Support Files/Pods-FootballStats/Pods-FootballStats-frameworks.sh\"\n";
			showEnvVarsInLog = 0;
		};
/* End PBXShellScriptBuildPhase section */

/* Begin PBXSourcesBuildPhase section */
		5E77CE6A2AC7CC5300BAA3B1 /* Sources */ = {
			isa = PBXSourcesBuildPhase;
			buildActionMask = 2147483647;
			files = (
				5E2961C12ACD3CD50094F708 /* TabBarInfo.swift in Sources */,
				5E5DB8F72ACA79A600D4C5B6 /* Teams.swift in Sources */,
				5E4B70502AD6D4CF006EE2A5 /* CategoryType.swift in Sources */,
				5EA4E59C2AD39EE600E8A40E /* NewsRequest.swift in Sources */,
				5E39A5782AD5850F00559DA2 /* Birth.swift in Sources */,
				5E5DB8EB2ACA6C1F00D4C5B6 /* Team.swift in Sources */,
				5E2961DE2ACD79A40094F708 /* ScheduleViewModel.swift in Sources */,
				5E2961CC2ACD4E280094F708 /* StandingTableViewCell.swift in Sources */,
				5E2961C52ACD3CE30094F708 /* ScheduleViewController.swift in Sources */,
				5E77CE7C2AC7CC5300BAA3B1 /* FootballStats.xcdatamodeld in Sources */,
				5E5DA7752AC9AD32000219A6 /* StatsViewController.swift in Sources */,
				5EA4E5A32AD3AEB900E8A40E /* Stats.swift in Sources */,
				5E5DB8F92ACA79B800D4C5B6 /* Goals.swift in Sources */,
				5E5DB8E42ACA61D700D4C5B6 /* StandingsResponse.swift in Sources */,
				5E2961B82ACD3C700094F708 /* Assets+Generated.swift in Sources */,
				5EA4E5A02AD3A0EA00E8A40E /* ScheduleRequest.swift in Sources */,
				5EA4E5B02AD4368700E8A40E /* StatsUseCase.swift in Sources */,
				5E5DB8E02ACA5A5D00D4C5B6 /* Player.swift in Sources */,
				5EA4E5952AD39CC700E8A40E /* Schedule.swift in Sources */,
				5EC898C02ACFB3F200BFC60F /* NewsNavigator.swift in Sources */,
				5EA4E5AC2AD4350C00E8A40E /* StatsRequest.swift in Sources */,
				5E65F8642ACE5AA600AF00EF /* Date+Extension.swift in Sources */,
				5EA4E5A92AD42F8D00E8A40E /* StatsCollectionViewCell.swift in Sources */,
				5E5DB8F32ACA797400D4C5B6 /* GoalStat.swift in Sources */,
				5E39A5762AD5840900559DA2 /* GameStat.swift in Sources */,
				5E4B704B2AD6D27A006EE2A5 /* RecordsType.swift in Sources */,
				5ED6DAFB2AD2D60A003E50F7 /* AppViewModel.swift in Sources */,
				5E5DB8F12ACA796200D4C5B6 /* Statistic.swift in Sources */,
				5E548ECB2ACF025D00340EEB /* ScheduleUseCase.swift in Sources */,
				5EA4E5B92AD442B800E8A40E /* StatsTableViewCell.swift in Sources */,
				5E5DB8E62ACA625400D4C5B6 /* StatsResponse.swift in Sources */,
				5E39A57E2AD5872500559DA2 /* DetailUseCase.swift in Sources */,
				5E1EFC9A2AD011A700083011 /* ViewModelType.swift in Sources */,
				5E2961DB2ACD77870094F708 /* ScheduleTableViewCell.swift in Sources */,
				5E39A57C2AD5871A00559DA2 /* DetailViewModel.swift in Sources */,
				5E548EC92ACEFF1100340EEB /* StandingUseCase.swift in Sources */,
				5EA4E59E2AD3A07D00E8A40E /* StandingRequest.swift in Sources */,
				5EA4E5B42AD4369E00E8A40E /* StatsViewModel.swift in Sources */,
				5E5DA7702AC9AD03000219A6 /* StandingViewController.swift in Sources */,
				5E2961D72ACD71E90094F708 /* Dictionary+Extension.swift in Sources */,
				5E5DB8ED2ACA792E00D4C5B6 /* League.swift in Sources */,
				5E39A57A2AD5870D00559DA2 /* DetailNavigator.swift in Sources */,
				5E39A5732AD579B300559DA2 /* DetailViewController.swift in Sources */,
				5E4B70442AD646FE006EE2A5 /* DetailCollectionViewCell.swift in Sources */,
				5EC898C22ACFB42A00BFC60F /* ScheduleNavigator.swift in Sources */,
				5E5DA7942AC9D564000219A6 /* URLs.swift in Sources */,
				5E5DA78D2AC9D36F000219A6 /* News.swift in Sources */,
				5E65F8682ACEB8E800AF00EF /* NewsUseCase.swift in Sources */,
				5E2961D52ACD70440094F708 /* ScheduleRepository.swift in Sources */,
				5ED6DAF92AD2D5F6003E50F7 /* AppUseCase.swift in Sources */,
				5E2961D12ACD66110094F708 /* MatchStats.swift in Sources */,
				5E5DB8F52ACA799400D4C5B6 /* Fixture.swift in Sources */,
				5EA4E5B22AD4369500E8A40E /* StatsNavigator.swift in Sources */,
				5EA4E5B62AD4411C00E8A40E /* CardStat.swift in Sources */,
				5E2961B32ACD3C5C0094F708 /* NewsRepository.swift in Sources */,
				5EA4E5AE2AD435BA00E8A40E /* StatsRepository.swift in Sources */,
				5E2961B02ACD3C3C0094F708 /* NewsCollectionViewCell.swift in Sources */,
				5E2961C82ACD41FC0094F708 /* ViewController+Extension.swift in Sources */,
				5E5DA7862AC9C9C2000219A6 /* TabBarController.swift in Sources */,
				5E385CCC2ACFF2D7002E3742 /* BindableType.swift in Sources */,
				5E2961E02ACD7E360094F708 /* Venue.swift in Sources */,
				5E2961CF2ACD65680094F708 /* StandingRepository.swift in Sources */,
				5E2961B92ACD3C700094F708 /* Strings+Generated.swift in Sources */,
				5EC898C42ACFB44700BFC60F /* StandingNavigator.swift in Sources */,
				5E77CE722AC7CC5300BAA3B1 /* AppDelegate.swift in Sources */,
				5E5DB8EF2ACA793E00D4C5B6 /* Standing.swift in Sources */,
				5E5DA7922AC9D4EE000219A6 /* APIService.swift in Sources */,
				5E1D7B6D2ACDC8AD00ABCBA9 /* FixtureLeague.swift in Sources */,
				5E5DA76B2AC9ACE5000219A6 /* NewsViewController.swift in Sources */,
				5E5DB8E92ACA6B3B00D4C5B6 /* SchedulesResponse.swift in Sources */,
				5EA4F28A2ACA52DF00617631 /* Constants.swift in Sources */,
				5E4B70522AD6E634006EE2A5 /* Array+Extension.swift in Sources */,
				5EA4E59A2AD39EB200E8A40E /* BaseRequest.swift in Sources */,
				5ED6DAF72AD2D578003E50F7 /* AppNavigator.swift in Sources */,
				5E4B70492AD64981006EE2A5 /* ShotStat.swift in Sources */,
				5E2961AC2ACD3C350094F708 /* NewsViewModel.swift in Sources */,
				5E5DA7802AC9C538000219A6 /* FavouriteViewController.swift in Sources */,
				5E4B70472AD64937006EE2A5 /* PassStat.swift in Sources */,
				5E2961D32ACD69B80094F708 /* StandingViewModel.swift in Sources */,
				5E4B704D2AD6D29C006EE2A5 /* StatsType.swift in Sources */,
			);
			runOnlyForDeploymentPostprocessing = 0;
		};
/* End PBXSourcesBuildPhase section */

/* Begin PBXVariantGroup section */
		5E77CE772AC7CC5300BAA3B1 /* Main.storyboard */ = {
			isa = PBXVariantGroup;
			children = (
				5E77CE782AC7CC5300BAA3B1 /* Base */,
			);
			name = Main.storyboard;
			sourceTree = "<group>";
		};
		5E77CE7F2AC7CC5500BAA3B1 /* LaunchScreen.storyboard */ = {
			isa = PBXVariantGroup;
			children = (
				5E77CE802AC7CC5500BAA3B1 /* Base */,
			);
			name = LaunchScreen.storyboard;
			sourceTree = "<group>";
		};
/* End PBXVariantGroup section */

/* Begin XCBuildConfiguration section */
		5E77CE832AC7CC5500BAA3B1 /* Debug */ = {
			isa = XCBuildConfiguration;
			buildSettings = {
				ALWAYS_SEARCH_USER_PATHS = NO;
				ASSETCATALOG_COMPILER_GENERATE_SWIFT_ASSET_SYMBOL_EXTENSIONS = YES;
				CLANG_ANALYZER_NONNULL = YES;
				CLANG_ANALYZER_NUMBER_OBJECT_CONVERSION = YES_AGGRESSIVE;
				CLANG_CXX_LANGUAGE_STANDARD = "gnu++20";
				CLANG_ENABLE_MODULES = YES;
				CLANG_ENABLE_OBJC_ARC = YES;
				CLANG_ENABLE_OBJC_WEAK = YES;
				CLANG_WARN_BLOCK_CAPTURE_AUTORELEASING = YES;
				CLANG_WARN_BOOL_CONVERSION = YES;
				CLANG_WARN_COMMA = YES;
				CLANG_WARN_CONSTANT_CONVERSION = YES;
				CLANG_WARN_DEPRECATED_OBJC_IMPLEMENTATIONS = YES;
				CLANG_WARN_DIRECT_OBJC_ISA_USAGE = YES_ERROR;
				CLANG_WARN_DOCUMENTATION_COMMENTS = YES;
				CLANG_WARN_EMPTY_BODY = YES;
				CLANG_WARN_ENUM_CONVERSION = YES;
				CLANG_WARN_INFINITE_RECURSION = YES;
				CLANG_WARN_INT_CONVERSION = YES;
				CLANG_WARN_NON_LITERAL_NULL_CONVERSION = YES;
				CLANG_WARN_OBJC_IMPLICIT_RETAIN_SELF = YES;
				CLANG_WARN_OBJC_LITERAL_CONVERSION = YES;
				CLANG_WARN_OBJC_ROOT_CLASS = YES_ERROR;
				CLANG_WARN_QUOTED_INCLUDE_IN_FRAMEWORK_HEADER = YES;
				CLANG_WARN_RANGE_LOOP_ANALYSIS = YES;
				CLANG_WARN_STRICT_PROTOTYPES = YES;
				CLANG_WARN_SUSPICIOUS_MOVE = YES;
				CLANG_WARN_UNGUARDED_AVAILABILITY = YES_AGGRESSIVE;
				CLANG_WARN_UNREACHABLE_CODE = YES;
				CLANG_WARN__DUPLICATE_METHOD_MATCH = YES;
				COPY_PHASE_STRIP = NO;
				DEBUG_INFORMATION_FORMAT = dwarf;
				ENABLE_STRICT_OBJC_MSGSEND = YES;
				ENABLE_TESTABILITY = YES;
				ENABLE_USER_SCRIPT_SANDBOXING = YES;
				GCC_C_LANGUAGE_STANDARD = gnu17;
				GCC_DYNAMIC_NO_PIC = NO;
				GCC_NO_COMMON_BLOCKS = YES;
				GCC_OPTIMIZATION_LEVEL = 0;
				GCC_PREPROCESSOR_DEFINITIONS = (
					"DEBUG=1",
					"$(inherited)",
				);
				GCC_WARN_64_TO_32_BIT_CONVERSION = YES;
				GCC_WARN_ABOUT_RETURN_TYPE = YES_ERROR;
				GCC_WARN_UNDECLARED_SELECTOR = YES;
				GCC_WARN_UNINITIALIZED_AUTOS = YES_AGGRESSIVE;
				GCC_WARN_UNUSED_FUNCTION = YES;
				GCC_WARN_UNUSED_VARIABLE = YES;
				IPHONEOS_DEPLOYMENT_TARGET = 17.0;
				LOCALIZATION_PREFERS_STRING_CATALOGS = YES;
				MTL_ENABLE_DEBUG_INFO = INCLUDE_SOURCE;
				MTL_FAST_MATH = YES;
				ONLY_ACTIVE_ARCH = YES;
				SDKROOT = iphoneos;
				SWIFT_ACTIVE_COMPILATION_CONDITIONS = "DEBUG $(inherited)";
				SWIFT_OPTIMIZATION_LEVEL = "-Onone";
			};
			name = Debug;
		};
		5E77CE842AC7CC5500BAA3B1 /* Release */ = {
			isa = XCBuildConfiguration;
			buildSettings = {
				ALWAYS_SEARCH_USER_PATHS = NO;
				ASSETCATALOG_COMPILER_GENERATE_SWIFT_ASSET_SYMBOL_EXTENSIONS = YES;
				CLANG_ANALYZER_NONNULL = YES;
				CLANG_ANALYZER_NUMBER_OBJECT_CONVERSION = YES_AGGRESSIVE;
				CLANG_CXX_LANGUAGE_STANDARD = "gnu++20";
				CLANG_ENABLE_MODULES = YES;
				CLANG_ENABLE_OBJC_ARC = YES;
				CLANG_ENABLE_OBJC_WEAK = YES;
				CLANG_WARN_BLOCK_CAPTURE_AUTORELEASING = YES;
				CLANG_WARN_BOOL_CONVERSION = YES;
				CLANG_WARN_COMMA = YES;
				CLANG_WARN_CONSTANT_CONVERSION = YES;
				CLANG_WARN_DEPRECATED_OBJC_IMPLEMENTATIONS = YES;
				CLANG_WARN_DIRECT_OBJC_ISA_USAGE = YES_ERROR;
				CLANG_WARN_DOCUMENTATION_COMMENTS = YES;
				CLANG_WARN_EMPTY_BODY = YES;
				CLANG_WARN_ENUM_CONVERSION = YES;
				CLANG_WARN_INFINITE_RECURSION = YES;
				CLANG_WARN_INT_CONVERSION = YES;
				CLANG_WARN_NON_LITERAL_NULL_CONVERSION = YES;
				CLANG_WARN_OBJC_IMPLICIT_RETAIN_SELF = YES;
				CLANG_WARN_OBJC_LITERAL_CONVERSION = YES;
				CLANG_WARN_OBJC_ROOT_CLASS = YES_ERROR;
				CLANG_WARN_QUOTED_INCLUDE_IN_FRAMEWORK_HEADER = YES;
				CLANG_WARN_RANGE_LOOP_ANALYSIS = YES;
				CLANG_WARN_STRICT_PROTOTYPES = YES;
				CLANG_WARN_SUSPICIOUS_MOVE = YES;
				CLANG_WARN_UNGUARDED_AVAILABILITY = YES_AGGRESSIVE;
				CLANG_WARN_UNREACHABLE_CODE = YES;
				CLANG_WARN__DUPLICATE_METHOD_MATCH = YES;
				COPY_PHASE_STRIP = NO;
				DEBUG_INFORMATION_FORMAT = "dwarf-with-dsym";
				ENABLE_NS_ASSERTIONS = NO;
				ENABLE_STRICT_OBJC_MSGSEND = YES;
				ENABLE_USER_SCRIPT_SANDBOXING = YES;
				GCC_C_LANGUAGE_STANDARD = gnu17;
				GCC_NO_COMMON_BLOCKS = YES;
				GCC_WARN_64_TO_32_BIT_CONVERSION = YES;
				GCC_WARN_ABOUT_RETURN_TYPE = YES_ERROR;
				GCC_WARN_UNDECLARED_SELECTOR = YES;
				GCC_WARN_UNINITIALIZED_AUTOS = YES_AGGRESSIVE;
				GCC_WARN_UNUSED_FUNCTION = YES;
				GCC_WARN_UNUSED_VARIABLE = YES;
				IPHONEOS_DEPLOYMENT_TARGET = 17.0;
				LOCALIZATION_PREFERS_STRING_CATALOGS = YES;
				MTL_ENABLE_DEBUG_INFO = NO;
				MTL_FAST_MATH = YES;
				SDKROOT = iphoneos;
				SWIFT_COMPILATION_MODE = wholemodule;
				VALIDATE_PRODUCT = YES;
			};
			name = Release;
		};
		5E77CE862AC7CC5500BAA3B1 /* Debug */ = {
			isa = XCBuildConfiguration;
			baseConfigurationReference = 704646A79F571FB8C9CBF0DB /* Pods-FootballStats.debug.xcconfig */;
			buildSettings = {
				ASSETCATALOG_COMPILER_APPICON_NAME = AppIcon;
				ASSETCATALOG_COMPILER_GLOBAL_ACCENT_COLOR_NAME = AccentColor;
				CODE_SIGN_STYLE = Automatic;
				CURRENT_PROJECT_VERSION = 1;
				DEVELOPMENT_TEAM = 267YL39X87;
				ENABLE_USER_SCRIPT_SANDBOXING = NO;
				GENERATE_INFOPLIST_FILE = YES;
				INFOPLIST_FILE = FootballStats/Info.plist;
				INFOPLIST_KEY_UIApplicationSupportsIndirectInputEvents = YES;
				INFOPLIST_KEY_UILaunchStoryboardName = LaunchScreen;
				INFOPLIST_KEY_UIMainStoryboardFile = Main;
				INFOPLIST_KEY_UISupportedInterfaceOrientations_iPad = "UIInterfaceOrientationPortrait UIInterfaceOrientationPortraitUpsideDown UIInterfaceOrientationLandscapeLeft UIInterfaceOrientationLandscapeRight";
				INFOPLIST_KEY_UISupportedInterfaceOrientations_iPhone = "UIInterfaceOrientationPortrait UIInterfaceOrientationLandscapeLeft UIInterfaceOrientationLandscapeRight";
				IPHONEOS_DEPLOYMENT_TARGET = 16.0;
				LD_RUNPATH_SEARCH_PATHS = (
					"$(inherited)",
					"@executable_path/Frameworks",
				);
				MARKETING_VERSION = 1.0;
				PRODUCT_BUNDLE_IDENTIFIER = com.sun.FootballStats;
				PRODUCT_NAME = "$(TARGET_NAME)";
				SWIFT_EMIT_LOC_STRINGS = YES;
				SWIFT_VERSION = 5.0;
				TARGETED_DEVICE_FAMILY = "1,2";
			};
			name = Debug;
		};
		5E77CE872AC7CC5500BAA3B1 /* Release */ = {
			isa = XCBuildConfiguration;
			baseConfigurationReference = 427EF7478335B5322DDE884A /* Pods-FootballStats.release.xcconfig */;
			buildSettings = {
				ASSETCATALOG_COMPILER_APPICON_NAME = AppIcon;
				ASSETCATALOG_COMPILER_GLOBAL_ACCENT_COLOR_NAME = AccentColor;
				CODE_SIGN_STYLE = Automatic;
				CURRENT_PROJECT_VERSION = 1;
				DEVELOPMENT_TEAM = 267YL39X87;
				ENABLE_USER_SCRIPT_SANDBOXING = NO;
				GENERATE_INFOPLIST_FILE = YES;
				INFOPLIST_FILE = FootballStats/Info.plist;
				INFOPLIST_KEY_UIApplicationSupportsIndirectInputEvents = YES;
				INFOPLIST_KEY_UILaunchStoryboardName = LaunchScreen;
				INFOPLIST_KEY_UIMainStoryboardFile = Main;
				INFOPLIST_KEY_UISupportedInterfaceOrientations_iPad = "UIInterfaceOrientationPortrait UIInterfaceOrientationPortraitUpsideDown UIInterfaceOrientationLandscapeLeft UIInterfaceOrientationLandscapeRight";
				INFOPLIST_KEY_UISupportedInterfaceOrientations_iPhone = "UIInterfaceOrientationPortrait UIInterfaceOrientationLandscapeLeft UIInterfaceOrientationLandscapeRight";
				IPHONEOS_DEPLOYMENT_TARGET = 16.0;
				LD_RUNPATH_SEARCH_PATHS = (
					"$(inherited)",
					"@executable_path/Frameworks",
				);
				MARKETING_VERSION = 1.0;
				PRODUCT_BUNDLE_IDENTIFIER = com.sun.FootballStats;
				PRODUCT_NAME = "$(TARGET_NAME)";
				SWIFT_EMIT_LOC_STRINGS = YES;
				SWIFT_VERSION = 5.0;
				TARGETED_DEVICE_FAMILY = "1,2";
			};
			name = Release;
		};
/* End XCBuildConfiguration section */

/* Begin XCConfigurationList section */
		5E77CE692AC7CC5300BAA3B1 /* Build configuration list for PBXProject "FootballStats" */ = {
			isa = XCConfigurationList;
			buildConfigurations = (
				5E77CE832AC7CC5500BAA3B1 /* Debug */,
				5E77CE842AC7CC5500BAA3B1 /* Release */,
			);
			defaultConfigurationIsVisible = 0;
			defaultConfigurationName = Release;
		};
		5E77CE852AC7CC5500BAA3B1 /* Build configuration list for PBXNativeTarget "FootballStats" */ = {
			isa = XCConfigurationList;
			buildConfigurations = (
				5E77CE862AC7CC5500BAA3B1 /* Debug */,
				5E77CE872AC7CC5500BAA3B1 /* Release */,
			);
			defaultConfigurationIsVisible = 0;
			defaultConfigurationName = Release;
		};
/* End XCConfigurationList section */

/* Begin XCVersionGroup section */
		5E77CE7A2AC7CC5300BAA3B1 /* FootballStats.xcdatamodeld */ = {
			isa = XCVersionGroup;
			children = (
				5E77CE7B2AC7CC5300BAA3B1 /* FootballStats.xcdatamodel */,
			);
			currentVersion = 5E77CE7B2AC7CC5300BAA3B1 /* FootballStats.xcdatamodel */;
			path = FootballStats.xcdatamodeld;
			sourceTree = "<group>";
			versionGroupType = wrapper.xcdatamodel;
		};
/* End XCVersionGroup section */
	};
	rootObject = 5E77CE662AC7CC5300BAA3B1 /* Project object */;
}
